
Microsoft Visual Studio Solution File, Format Version 12.00
# Visual Studio 2017
Project("{FAE04EC0-301F-11D3-BF4B-00C04F79EFBC}") = "BrainsEdenJPop", "BrainsEdenJPop.csproj", "{DCF28CF0-D920-10EF-8931-836F59D4524E}"
EndProject
Project("{FAE04EC0-301F-11D3-BF4B-00C04F79EFBC}") = "BrainsEdenJPop.Editor", "BrainsEdenJPop.Editor.csproj", "{A4618E02-8C36-C686-BE0A-0373AE98BF1B}"
EndProject
Global
	GlobalSection(SolutionConfigurationPlatforms) = preSolution
		Debug|Any CPU = Debug|Any CPU
		Release|Any CPU = Release|Any CPU
	EndGlobalSection
	GlobalSection(ProjectConfigurationPlatforms) = postSolution
		{DCF28CF0-D920-10EF-8931-836F59D4524E}.Debug|Any CPU.ActiveCfg = Debug|Any CPU
		{DCF28CF0-D920-10EF-8931-836F59D4524E}.Debug|Any CPU.Build.0 = Debug|Any CPU
		{DCF28CF0-D920-10EF-8931-836F59D4524E}.Release|Any CPU.ActiveCfg = Release|Any CPU
		{DCF28CF0-D920-10EF-8931-836F59D4524E}.Release|Any CPU.Build.0 = Release|Any CPU
		{A4618E02-8C36-C686-BE0A-0373AE98BF1B}.Debug|Any CPU.ActiveCfg = Debug|Any CPU
		{A4618E02-8C36-C686-BE0A-0373AE98BF1B}.Debug|Any CPU.Build.0 = Debug|Any CPU
		{A4618E02-8C36-C686-BE0A-0373AE98BF1B}.Release|Any CPU.ActiveCfg = Release|Any CPU
		{A4618E02-8C36-C686-BE0A-0373AE98BF1B}.Release|Any CPU.Build.0 = Release|Any CPU
	EndGlobalSection
	GlobalSection(SolutionProperties) = preSolution
		HideSolutionNode = FALSE
	EndGlobalSection
EndGlobal
