
Microsoft Visual Studio Solution File, Format Version 12.00
# Visual Studio 2015
Project("{FAE04EC0-301F-11D3-BF4B-00C04F79EFBC}") = "BrainsEdenJPop.CSharp", "BrainsEdenJPop.CSharp.csproj", "{91C4C0B0-6187-64ED-E1E2-F7562C425B4D}"
EndProject
Global
	GlobalSection(SolutionConfigurationPlatforms) = preSolution
		Debug|Any CPU = Debug|Any CPU
		Release|Any CPU = Release|Any CPU
	EndGlobalSection
	GlobalSection(ProjectConfigurationPlatforms) = postSolution
		{91C4C0B0-6187-64ED-E1E2-F7562C425B4D}.Debug|Any CPU.ActiveCfg = Debug|Any CPU
		{91C4C0B0-6187-64ED-E1E2-F7562C425B4D}.Debug|Any CPU.Build.0 = Debug|Any CPU
		{91C4C0B0-6187-64ED-E1E2-F7562C425B4D}.Release|Any CPU.ActiveCfg = Release|Any CPU
		{91C4C0B0-6187-64ED-E1E2-F7562C425B4D}.Release|Any CPU.Build.0 = Release|Any CPU
	EndGlobalSection
	GlobalSection(SolutionProperties) = preSolution
		HideSolutionNode = FALSE
	EndGlobalSection
EndGlobal
